// !$*UTF8*$!
{
	archiveVersion = 1;
	classes = {
	};
	objectVersion = 50;
	objects = {

/* Begin PBXBuildFile section */
		26084A3621F799440037A221 /* AddHabit.storyboard in Resources */ = {isa = PBXBuildFile; fileRef = 26084A3521F799440037A221 /* AddHabit.storyboard */; };
		26084A3821F7B7BB0037A221 /* HabitDetail.storyboard in Resources */ = {isa = PBXBuildFile; fileRef = 26084A3721F7B7BB0037A221 /* HabitDetail.storyboard */; };
		26084A3A21F7B9980037A221 /* Progress.storyboard in Resources */ = {isa = PBXBuildFile; fileRef = 26084A3921F7B9980037A221 /* Progress.storyboard */; };
		26084A3C21F7BA190037A221 /* CheckInPopUp.storyboard in Resources */ = {isa = PBXBuildFile; fileRef = 26084A3B21F7BA190037A221 /* CheckInPopUp.storyboard */; };
		26084A4221F7D5F40037A221 /* UserController.swift in Sources */ = {isa = PBXBuildFile; fileRef = 26084A4121F7D5F40037A221 /* UserController.swift */; };
		260AAD6121EFAD9000461C1E /* AppDelegate.swift in Sources */ = {isa = PBXBuildFile; fileRef = 260AAD6021EFAD9000461C1E /* AppDelegate.swift */; };
		260AAD6621EFAD9000461C1E /* Main.storyboard in Resources */ = {isa = PBXBuildFile; fileRef = 260AAD6421EFAD9000461C1E /* Main.storyboard */; };
		260AAD6821EFAD9200461C1E /* Assets.xcassets in Resources */ = {isa = PBXBuildFile; fileRef = 260AAD6721EFAD9200461C1E /* Assets.xcassets */; };
		260AAD6B21EFAD9200461C1E /* LaunchScreen.storyboard in Resources */ = {isa = PBXBuildFile; fileRef = 260AAD6921EFAD9200461C1E /* LaunchScreen.storyboard */; };
		266DCE0521F8E98A00CDC0F9 /* LogInViewController.swift in Sources */ = {isa = PBXBuildFile; fileRef = 266DCE0421F8E98A00CDC0F9 /* LogInViewController.swift */; };
		266DCE1321FA775600CDC0F9 /* SF-Pro-Text-Light.otf in Resources */ = {isa = PBXBuildFile; fileRef = 266DCE1221FA774C00CDC0F9 /* SF-Pro-Text-Light.otf */; };
		266DCE1621FA799A00CDC0F9 /* SF-Pro-Text-Regular.otf in Resources */ = {isa = PBXBuildFile; fileRef = 266DCE0F21FA770100CDC0F9 /* SF-Pro-Text-Regular.otf */; };
		266DCE1721FA799E00CDC0F9 /* SF-Pro-Text-Medium.otf in Resources */ = {isa = PBXBuildFile; fileRef = 266DCE1121FA774300CDC0F9 /* SF-Pro-Text-Medium.otf */; };
		26F0D92C21EFBD3F00D4ADA1 /* GoogleService-Info.plist in Resources */ = {isa = PBXBuildFile; fileRef = 26F0D92B21EFBD3F00D4ADA1 /* GoogleService-Info.plist */; };
		26F0D93821F0FE2D00D4ADA1 /* AddHabitViewController.swift in Sources */ = {isa = PBXBuildFile; fileRef = 26F0D93721F0FE2D00D4ADA1 /* AddHabitViewController.swift */; };
		26F0D93D21F1042D00D4ADA1 /* HabitTableViewCell.swift in Sources */ = {isa = PBXBuildFile; fileRef = 26F0D93C21F1042D00D4ADA1 /* HabitTableViewCell.swift */; };
		26F0D94321F12D7400D4ADA1 /* HabitDetailViewController.swift in Sources */ = {isa = PBXBuildFile; fileRef = 26F0D94221F12D7400D4ADA1 /* HabitDetailViewController.swift */; };
		26F0D94921F1432E00D4ADA1 /* User.swift in Sources */ = {isa = PBXBuildFile; fileRef = 26F0D94821F1432E00D4ADA1 /* User.swift */; };
		26F0D94B21F143A500D4ADA1 /* Habit.swift in Sources */ = {isa = PBXBuildFile; fileRef = 26F0D94A21F143A500D4ADA1 /* Habit.swift */; };
		26F0D94D21F145BF00D4ADA1 /* HabitController.swift in Sources */ = {isa = PBXBuildFile; fileRef = 26F0D94C21F145BF00D4ADA1 /* HabitController.swift */; };
		26F0D94F21F14D5E00D4ADA1 /* TimeReminder.swift in Sources */ = {isa = PBXBuildFile; fileRef = 26F0D94E21F14D5E00D4ADA1 /* TimeReminder.swift */; };
		26F0D95121F14D7900D4ADA1 /* LocationReminder.swift in Sources */ = {isa = PBXBuildFile; fileRef = 26F0D95021F14D7900D4ADA1 /* LocationReminder.swift */; };
		26F0D95321F2365700D4ADA1 /* Firebase.swift in Sources */ = {isa = PBXBuildFile; fileRef = 26F0D95221F2365700D4ADA1 /* Firebase.swift */; };
		C8A39C70BFA96E27673A9F0C /* Pods_HabitTracker.framework in Frameworks */ = {isa = PBXBuildFile; fileRef = 04028353B060E92AB9235DCF /* Pods_HabitTracker.framework */; };
		CB0F6DC721FAD58B0031740A /* WelcomeViewController.swift in Sources */ = {isa = PBXBuildFile; fileRef = CB0F6DC621FAD58B0031740A /* WelcomeViewController.swift */; };
		CBB9A23D21F7CA9B00995F73 /* NewHabitViewController.swift in Sources */ = {isa = PBXBuildFile; fileRef = CBB9A23C21F7CA9B00995F73 /* NewHabitViewController.swift */; };
		CBD52D2821FC4171005A92D7 /* MapKit.framework in Frameworks */ = {isa = PBXBuildFile; fileRef = CBD52D2721FC4171005A92D7 /* MapKit.framework */; };
		CBD7EC7A21F830FA0074A6D2 /* SetReminderTableViewController.swift in Sources */ = {isa = PBXBuildFile; fileRef = CBD7EC7921F830FA0074A6D2 /* SetReminderTableViewController.swift */; };
		CBD7EC7C21F863670074A6D2 /* ReminderTableViewCell.swift in Sources */ = {isa = PBXBuildFile; fileRef = CBD7EC7B21F863670074A6D2 /* ReminderTableViewCell.swift */; };
		F73213CE21F2546C009A47F0 /* ReminderViewController.swift in Sources */ = {isa = PBXBuildFile; fileRef = F73213CD21F2546C009A47F0 /* ReminderViewController.swift */; };
		F73213D421F25584009A47F0 /* LocationBasedReminderViewController.swift in Sources */ = {isa = PBXBuildFile; fileRef = F73213D321F25584009A47F0 /* LocationBasedReminderViewController.swift */; };
		F73C046B21FA680200CEF0BB /* Login.storyboard in Resources */ = {isa = PBXBuildFile; fileRef = F73C046A21FA680200CEF0BB /* Login.storyboard */; };
		F7791C5621F52DDB00337D10 /* HabitCheckInViewController.swift in Sources */ = {isa = PBXBuildFile; fileRef = F7791C5521F52DDB00337D10 /* HabitCheckInViewController.swift */; };
		F7791C5A21F52E3000337D10 /* HabitProgressDetailViewController.swift in Sources */ = {isa = PBXBuildFile; fileRef = F7791C5921F52E3000337D10 /* HabitProgressDetailViewController.swift */; };
		F7AA118F21F6311A000B16C6 /* EditHabitViewController.swift in Sources */ = {isa = PBXBuildFile; fileRef = F7AA118E21F6311A000B16C6 /* EditHabitViewController.swift */; };
		F7AA119321F6352B000B16C6 /* MainCheckInTableViewCell.swift in Sources */ = {isa = PBXBuildFile; fileRef = F7AA119221F6352B000B16C6 /* MainCheckInTableViewCell.swift */; };
		F7AA119521F63627000B16C6 /* ProgressTableViewCell.swift in Sources */ = {isa = PBXBuildFile; fileRef = F7AA119421F63627000B16C6 /* ProgressTableViewCell.swift */; };
		F7AA119721F7DA22000B16C6 /* CheckInCustomTableViewCell.swift in Sources */ = {isa = PBXBuildFile; fileRef = F7AA119621F7DA22000B16C6 /* CheckInCustomTableViewCell.swift */; };
		F7AA119921F8DCCA000B16C6 /* CheckIn.swift in Sources */ = {isa = PBXBuildFile; fileRef = F7AA119821F8DCCA000B16C6 /* CheckIn.swift */; };

		F7AA11A621FA3702000B16C6 /* CategoryController.swift in Sources */ = {isa = PBXBuildFile; fileRef = F7AA11A521FA3702000B16C6 /* CategoryController.swift */; };
		F7AA11AC21FA7E27000B16C6 /* SF-Pro-Text-Light.otf in Resources */ = {isa = PBXBuildFile; fileRef = F7AA11A921FA7E27000B16C6 /* SF-Pro-Text-Light.otf */; };
		F7AA11AD21FA7E27000B16C6 /* SF-Pro-Text-Medium.otf in Resources */ = {isa = PBXBuildFile; fileRef = F7AA11AA21FA7E27000B16C6 /* SF-Pro-Text-Medium.otf */; };
		F7AA11AE21FA7E27000B16C6 /* SF-Pro-Text-Regular.otf in Resources */ = {isa = PBXBuildFile; fileRef = F7AA11AB21FA7E27000B16C6 /* SF-Pro-Text-Regular.otf */; };
/* End PBXBuildFile section */

/* Begin PBXFileReference section */
		04028353B060E92AB9235DCF /* Pods_HabitTracker.framework */ = {isa = PBXFileReference; explicitFileType = wrapper.framework; includeInIndex = 0; path = Pods_HabitTracker.framework; sourceTree = BUILT_PRODUCTS_DIR; };
		26084A3521F799440037A221 /* AddHabit.storyboard */ = {isa = PBXFileReference; lastKnownFileType = file.storyboard; path = AddHabit.storyboard; sourceTree = "<group>"; };
		26084A3721F7B7BB0037A221 /* HabitDetail.storyboard */ = {isa = PBXFileReference; lastKnownFileType = file.storyboard; path = HabitDetail.storyboard; sourceTree = "<group>"; };
		26084A3921F7B9980037A221 /* Progress.storyboard */ = {isa = PBXFileReference; lastKnownFileType = file.storyboard; path = Progress.storyboard; sourceTree = "<group>"; };
		26084A3B21F7BA190037A221 /* CheckInPopUp.storyboard */ = {isa = PBXFileReference; lastKnownFileType = file.storyboard; path = CheckInPopUp.storyboard; sourceTree = "<group>"; };
		26084A4121F7D5F40037A221 /* UserController.swift */ = {isa = PBXFileReference; lastKnownFileType = sourcecode.swift; path = UserController.swift; sourceTree = "<group>"; };
		260AAD5D21EFAD9000461C1E /* HabitTracker.app */ = {isa = PBXFileReference; explicitFileType = wrapper.application; includeInIndex = 0; path = HabitTracker.app; sourceTree = BUILT_PRODUCTS_DIR; };
		260AAD6021EFAD9000461C1E /* AppDelegate.swift */ = {isa = PBXFileReference; lastKnownFileType = sourcecode.swift; path = AppDelegate.swift; sourceTree = "<group>"; };
		260AAD6521EFAD9000461C1E /* Base */ = {isa = PBXFileReference; lastKnownFileType = file.storyboard; name = Base; path = Base.lproj/Main.storyboard; sourceTree = "<group>"; };
		260AAD6721EFAD9200461C1E /* Assets.xcassets */ = {isa = PBXFileReference; lastKnownFileType = folder.assetcatalog; path = Assets.xcassets; sourceTree = "<group>"; };
		260AAD6A21EFAD9200461C1E /* Base */ = {isa = PBXFileReference; lastKnownFileType = file.storyboard; name = Base; path = Base.lproj/LaunchScreen.storyboard; sourceTree = "<group>"; };
		260AAD6C21EFAD9200461C1E /* Info.plist */ = {isa = PBXFileReference; lastKnownFileType = text.plist.xml; path = Info.plist; sourceTree = "<group>"; };
		266DCE0421F8E98A00CDC0F9 /* LogInViewController.swift */ = {isa = PBXFileReference; lastKnownFileType = sourcecode.swift; path = LogInViewController.swift; sourceTree = "<group>"; };
		266DCE0F21FA770100CDC0F9 /* SF-Pro-Text-Regular.otf */ = {isa = PBXFileReference; lastKnownFileType = file; path = "SF-Pro-Text-Regular.otf"; sourceTree = "<group>"; };
		266DCE1121FA774300CDC0F9 /* SF-Pro-Text-Medium.otf */ = {isa = PBXFileReference; lastKnownFileType = file; path = "SF-Pro-Text-Medium.otf"; sourceTree = "<group>"; };
		266DCE1221FA774C00CDC0F9 /* SF-Pro-Text-Light.otf */ = {isa = PBXFileReference; lastKnownFileType = file; path = "SF-Pro-Text-Light.otf"; sourceTree = "<group>"; };
		26F0D92B21EFBD3F00D4ADA1 /* GoogleService-Info.plist */ = {isa = PBXFileReference; fileEncoding = 4; lastKnownFileType = text.plist.xml; path = "GoogleService-Info.plist"; sourceTree = "<group>"; };
		26F0D93721F0FE2D00D4ADA1 /* AddHabitViewController.swift */ = {isa = PBXFileReference; lastKnownFileType = sourcecode.swift; path = AddHabitViewController.swift; sourceTree = "<group>"; };
		26F0D93C21F1042D00D4ADA1 /* HabitTableViewCell.swift */ = {isa = PBXFileReference; lastKnownFileType = sourcecode.swift; path = HabitTableViewCell.swift; sourceTree = "<group>"; };
		26F0D94221F12D7400D4ADA1 /* HabitDetailViewController.swift */ = {isa = PBXFileReference; lastKnownFileType = sourcecode.swift; path = HabitDetailViewController.swift; sourceTree = "<group>"; };
		26F0D94821F1432E00D4ADA1 /* User.swift */ = {isa = PBXFileReference; lastKnownFileType = sourcecode.swift; path = User.swift; sourceTree = "<group>"; };
		26F0D94A21F143A500D4ADA1 /* Habit.swift */ = {isa = PBXFileReference; lastKnownFileType = sourcecode.swift; path = Habit.swift; sourceTree = "<group>"; };
		26F0D94C21F145BF00D4ADA1 /* HabitController.swift */ = {isa = PBXFileReference; lastKnownFileType = sourcecode.swift; path = HabitController.swift; sourceTree = "<group>"; };
		26F0D94E21F14D5E00D4ADA1 /* TimeReminder.swift */ = {isa = PBXFileReference; lastKnownFileType = sourcecode.swift; path = TimeReminder.swift; sourceTree = "<group>"; };
		26F0D95021F14D7900D4ADA1 /* LocationReminder.swift */ = {isa = PBXFileReference; lastKnownFileType = sourcecode.swift; path = LocationReminder.swift; sourceTree = "<group>"; };
		26F0D95221F2365700D4ADA1 /* Firebase.swift */ = {isa = PBXFileReference; lastKnownFileType = sourcecode.swift; path = Firebase.swift; sourceTree = "<group>"; };
		64796CE9C6B23F336BA88293 /* Pods-HabitTracker.release.xcconfig */ = {isa = PBXFileReference; includeInIndex = 1; lastKnownFileType = text.xcconfig; name = "Pods-HabitTracker.release.xcconfig"; path = "Pods/Target Support Files/Pods-HabitTracker/Pods-HabitTracker.release.xcconfig"; sourceTree = "<group>"; };
		7E430CF4D2DF39A2F832288E /* Pods-HabitTracker.debug.xcconfig */ = {isa = PBXFileReference; includeInIndex = 1; lastKnownFileType = text.xcconfig; name = "Pods-HabitTracker.debug.xcconfig"; path = "Pods/Target Support Files/Pods-HabitTracker/Pods-HabitTracker.debug.xcconfig"; sourceTree = "<group>"; };
		CB0F6DC621FAD58B0031740A /* WelcomeViewController.swift */ = {isa = PBXFileReference; lastKnownFileType = sourcecode.swift; path = WelcomeViewController.swift; sourceTree = "<group>"; };
		CBB9A23C21F7CA9B00995F73 /* NewHabitViewController.swift */ = {isa = PBXFileReference; lastKnownFileType = sourcecode.swift; path = NewHabitViewController.swift; sourceTree = "<group>"; };
		CBD52D2721FC4171005A92D7 /* MapKit.framework */ = {isa = PBXFileReference; lastKnownFileType = wrapper.framework; name = MapKit.framework; path = System/Library/Frameworks/MapKit.framework; sourceTree = SDKROOT; };
		CBD7EC7921F830FA0074A6D2 /* SetReminderTableViewController.swift */ = {isa = PBXFileReference; lastKnownFileType = sourcecode.swift; path = SetReminderTableViewController.swift; sourceTree = "<group>"; };
		CBD7EC7B21F863670074A6D2 /* ReminderTableViewCell.swift */ = {isa = PBXFileReference; lastKnownFileType = sourcecode.swift; path = ReminderTableViewCell.swift; sourceTree = "<group>"; };
		F73213CD21F2546C009A47F0 /* ReminderViewController.swift */ = {isa = PBXFileReference; lastKnownFileType = sourcecode.swift; path = ReminderViewController.swift; sourceTree = "<group>"; };
		F73213D321F25584009A47F0 /* LocationBasedReminderViewController.swift */ = {isa = PBXFileReference; lastKnownFileType = sourcecode.swift; path = LocationBasedReminderViewController.swift; sourceTree = "<group>"; };
		F73C046A21FA680200CEF0BB /* Login.storyboard */ = {isa = PBXFileReference; fileEncoding = 4; lastKnownFileType = file.storyboard; path = Login.storyboard; sourceTree = "<group>"; };
		F7791C5521F52DDB00337D10 /* HabitCheckInViewController.swift */ = {isa = PBXFileReference; lastKnownFileType = sourcecode.swift; path = HabitCheckInViewController.swift; sourceTree = "<group>"; };
		F7791C5921F52E3000337D10 /* HabitProgressDetailViewController.swift */ = {isa = PBXFileReference; lastKnownFileType = sourcecode.swift; path = HabitProgressDetailViewController.swift; sourceTree = "<group>"; };
		F7AA118E21F6311A000B16C6 /* EditHabitViewController.swift */ = {isa = PBXFileReference; lastKnownFileType = sourcecode.swift; path = EditHabitViewController.swift; sourceTree = "<group>"; };
		F7AA119221F6352B000B16C6 /* MainCheckInTableViewCell.swift */ = {isa = PBXFileReference; lastKnownFileType = sourcecode.swift; path = MainCheckInTableViewCell.swift; sourceTree = "<group>"; };
		F7AA119421F63627000B16C6 /* ProgressTableViewCell.swift */ = {isa = PBXFileReference; lastKnownFileType = sourcecode.swift; path = ProgressTableViewCell.swift; sourceTree = "<group>"; };
		F7AA119621F7DA22000B16C6 /* CheckInCustomTableViewCell.swift */ = {isa = PBXFileReference; lastKnownFileType = sourcecode.swift; path = CheckInCustomTableViewCell.swift; sourceTree = "<group>"; };
		F7AA119821F8DCCA000B16C6 /* CheckIn.swift */ = {isa = PBXFileReference; lastKnownFileType = sourcecode.swift; path = CheckIn.swift; sourceTree = "<group>"; };
		F7AA11A521FA3702000B16C6 /* CategoryController.swift */ = {isa = PBXFileReference; lastKnownFileType = sourcecode.swift; path = CategoryController.swift; sourceTree = "<group>"; };
		F7AA11A921FA7E27000B16C6 /* SF-Pro-Text-Light.otf */ = {isa = PBXFileReference; lastKnownFileType = file; name = "SF-Pro-Text-Light.otf"; path = "../../../../../../../Volumes/SF-Font/SF Pro/SF-Pro-Text-Light.otf"; sourceTree = "<group>"; };
		F7AA11AA21FA7E27000B16C6 /* SF-Pro-Text-Medium.otf */ = {isa = PBXFileReference; lastKnownFileType = file; name = "SF-Pro-Text-Medium.otf"; path = "../../../../../../../Volumes/SF-Font/SF Pro/SF-Pro-Text-Medium.otf"; sourceTree = "<group>"; };
		F7AA11AB21FA7E27000B16C6 /* SF-Pro-Text-Regular.otf */ = {isa = PBXFileReference; lastKnownFileType = file; name = "SF-Pro-Text-Regular.otf"; path = "../../../../../../../Volumes/SF-Font/SF Pro/SF-Pro-Text-Regular.otf"; sourceTree = "<group>"; };
/* End PBXFileReference section */

/* Begin PBXFrameworksBuildPhase section */
		260AAD5A21EFAD9000461C1E /* Frameworks */ = {
			isa = PBXFrameworksBuildPhase;
			buildActionMask = 2147483647;
			files = (
				CBD52D2821FC4171005A92D7 /* MapKit.framework in Frameworks */,
				C8A39C70BFA96E27673A9F0C /* Pods_HabitTracker.framework in Frameworks */,
			);
			runOnlyForDeploymentPostprocessing = 0;
		};
/* End PBXFrameworksBuildPhase section */

/* Begin PBXGroup section */
		0F79469EFB5CB2FFB2475F69 /* Frameworks */ = {
			isa = PBXGroup;
			children = (
				CBD52D2721FC4171005A92D7 /* MapKit.framework */,
				04028353B060E92AB9235DCF /* Pods_HabitTracker.framework */,
			);
			name = Frameworks;
			sourceTree = "<group>";
		};
		26084A3D21F7BA790037A221 /* StoryBoards */ = {
			isa = PBXGroup;
			children = (
				260AAD6421EFAD9000461C1E /* Main.storyboard */,
				26084A3B21F7BA190037A221 /* CheckInPopUp.storyboard */,
				26084A3921F7B9980037A221 /* Progress.storyboard */,
				260AAD6921EFAD9200461C1E /* LaunchScreen.storyboard */,
				F73C046A21FA680200CEF0BB /* Login.storyboard */,
				26084A3521F799440037A221 /* AddHabit.storyboard */,
				26084A3721F7B7BB0037A221 /* HabitDetail.storyboard */,
			);
			path = StoryBoards;
			sourceTree = "<group>";
		};
		26084A3E21F7BA890037A221 /* Resources */ = {
			isa = PBXGroup;
			children = (


				266DCE1521FA790C00CDC0F9 /* Fonts */,

				260AAD6721EFAD9200461C1E /* Assets.xcassets */,
				260AAD6021EFAD9000461C1E /* AppDelegate.swift */,
				260AAD6C21EFAD9200461C1E /* Info.plist */,
				26F0D92B21EFBD3F00D4ADA1 /* GoogleService-Info.plist */,
				26F0D95221F2365700D4ADA1 /* Firebase.swift */,
			);
			path = Resources;
			sourceTree = "<group>";
		};
		260AAD5421EFAD9000461C1E = {
			isa = PBXGroup;
			children = (
				260AAD5F21EFAD9000461C1E /* HabitTracker */,
				260AAD5E21EFAD9000461C1E /* Products */,
				A43A8824F2D2B9F7A509F994 /* Pods */,
				0F79469EFB5CB2FFB2475F69 /* Frameworks */,
			);
			sourceTree = "<group>";
		};
		260AAD5E21EFAD9000461C1E /* Products */ = {
			isa = PBXGroup;
			children = (
				260AAD5D21EFAD9000461C1E /* HabitTracker.app */,
			);
			name = Products;
			sourceTree = "<group>";
		};
		260AAD5F21EFAD9000461C1E /* HabitTracker */ = {
			isa = PBXGroup;
			children = (
				26084A3E21F7BA890037A221 /* Resources */,
				26084A3D21F7BA790037A221 /* StoryBoards */,
				26F0D94621F13C9D00D4ADA1 /* Model */,
				26F0D94721F13CAB00D4ADA1 /* ModelController */,
				26F0D93521F0F12000D4ADA1 /* ViewControllers */,
			);
			path = HabitTracker;
			sourceTree = "<group>";
		};
		266DCE0721F8E99E00CDC0F9 /* Login */ = {
			isa = PBXGroup;
			children = (
				266DCE0421F8E98A00CDC0F9 /* LogInViewController.swift */,
				CB0F6DC621FAD58B0031740A /* WelcomeViewController.swift */,
			);
			path = Login;
			sourceTree = "<group>";
		};
		266DCE1521FA790C00CDC0F9 /* Fonts */ = {
			isa = PBXGroup;
			children = (
				266DCE0F21FA770100CDC0F9 /* SF-Pro-Text-Regular.otf */,
				266DCE1221FA774C00CDC0F9 /* SF-Pro-Text-Light.otf */,
				266DCE1121FA774300CDC0F9 /* SF-Pro-Text-Medium.otf */,
			);
			path = Fonts;
			sourceTree = "<group>";
		};
		26F0D93521F0F12000D4ADA1 /* ViewControllers */ = {
			isa = PBXGroup;
			children = (
				26F0D93621F0FCFB00D4ADA1 /* HomeScene */,
				CBB9A23B21F7CA6800995F73 /* NewHabit */,
				F73213CC21F25418009A47F0 /* Reminders */,
				F7791C5221F52D9000337D10 /* HabitDetails */,
				F7791C4F21F52D3C00337D10 /* EditHabit */,
				F7791C5721F52DE000337D10 /* CheckinHabit */,
				F7791C5821F52E0400337D10 /* HabitProgress */,
				266DCE0721F8E99E00CDC0F9 /* Login */,
			);
			name = ViewControllers;
			path = Habit/ViewControllers;
			sourceTree = "<group>";
		};
		26F0D93621F0FCFB00D4ADA1 /* HomeScene */ = {
			isa = PBXGroup;
			children = (
				26F0D93721F0FE2D00D4ADA1 /* AddHabitViewController.swift */,
				26F0D93C21F1042D00D4ADA1 /* HabitTableViewCell.swift */,
			);
			path = HomeScene;
			sourceTree = "<group>";
		};
		26F0D94621F13C9D00D4ADA1 /* Model */ = {
			isa = PBXGroup;
			children = (
				26F0D94821F1432E00D4ADA1 /* User.swift */,
				26F0D94A21F143A500D4ADA1 /* Habit.swift */,
				F7AA119821F8DCCA000B16C6 /* CheckIn.swift */,
				26F0D94E21F14D5E00D4ADA1 /* TimeReminder.swift */,
				26F0D95021F14D7900D4ADA1 /* LocationReminder.swift */,
			);
			path = Model;
			sourceTree = "<group>";
		};
		26F0D94721F13CAB00D4ADA1 /* ModelController */ = {
			isa = PBXGroup;
			children = (
				26F0D94C21F145BF00D4ADA1 /* HabitController.swift */,
				26084A4121F7D5F40037A221 /* UserController.swift */,
				F7AA11A521FA3702000B16C6 /* CategoryController.swift */,
			);
			path = ModelController;
			sourceTree = "<group>";
		};
		A43A8824F2D2B9F7A509F994 /* Pods */ = {
			isa = PBXGroup;
			children = (
				7E430CF4D2DF39A2F832288E /* Pods-HabitTracker.debug.xcconfig */,
				64796CE9C6B23F336BA88293 /* Pods-HabitTracker.release.xcconfig */,
			);
			name = Pods;
			sourceTree = "<group>";
		};
		CBB9A23B21F7CA6800995F73 /* NewHabit */ = {
			isa = PBXGroup;
			children = (
				CBB9A23C21F7CA9B00995F73 /* NewHabitViewController.swift */,
			);
			path = NewHabit;
			sourceTree = "<group>";
		};
		F73213CC21F25418009A47F0 /* Reminders */ = {
			isa = PBXGroup;
			children = (
				F73213CD21F2546C009A47F0 /* ReminderViewController.swift */,
				CBD7EC7B21F863670074A6D2 /* ReminderTableViewCell.swift */,
				F73213CF21F2550E009A47F0 /* TimeBasedReminder */,
				F73213D021F25536009A47F0 /* LocationBasedReminder */,
			);
			path = Reminders;
			sourceTree = "<group>";
		};
		F73213CF21F2550E009A47F0 /* TimeBasedReminder */ = {
			isa = PBXGroup;
			children = (
				CBD7EC7921F830FA0074A6D2 /* SetReminderTableViewController.swift */,
			);
			path = TimeBasedReminder;
			sourceTree = "<group>";
		};
		F73213D021F25536009A47F0 /* LocationBasedReminder */ = {
			isa = PBXGroup;
			children = (
				F73213D321F25584009A47F0 /* LocationBasedReminderViewController.swift */,
			);
			path = LocationBasedReminder;
			sourceTree = "<group>";
		};
		F7791C4F21F52D3C00337D10 /* EditHabit */ = {
			isa = PBXGroup;
			children = (
				F7AA118E21F6311A000B16C6 /* EditHabitViewController.swift */,
			);
			path = EditHabit;
			sourceTree = "<group>";
		};
		F7791C5221F52D9000337D10 /* HabitDetails */ = {
			isa = PBXGroup;
			children = (
				26F0D94221F12D7400D4ADA1 /* HabitDetailViewController.swift */,
				F7AA119621F7DA22000B16C6 /* CheckInCustomTableViewCell.swift */,
			);
			path = HabitDetails;
			sourceTree = "<group>";
		};
		F7791C5721F52DE000337D10 /* CheckinHabit */ = {
			isa = PBXGroup;
			children = (
				F7791C5521F52DDB00337D10 /* HabitCheckInViewController.swift */,
				F7AA119221F6352B000B16C6 /* MainCheckInTableViewCell.swift */,
			);
			path = CheckinHabit;
			sourceTree = "<group>";
		};
		F7791C5821F52E0400337D10 /* HabitProgress */ = {
			isa = PBXGroup;
			children = (
				F7791C5921F52E3000337D10 /* HabitProgressDetailViewController.swift */,
				F7AA119421F63627000B16C6 /* ProgressTableViewCell.swift */,
			);
			path = HabitProgress;
			sourceTree = "<group>";
		};
		F7AA11A821FA7C3A000B16C6 /* Fonts */ = {
			isa = PBXGroup;
			children = (
				F7AA11A921FA7E27000B16C6 /* SF-Pro-Text-Light.otf */,
				F7AA11AA21FA7E27000B16C6 /* SF-Pro-Text-Medium.otf */,
				F7AA11AB21FA7E27000B16C6 /* SF-Pro-Text-Regular.otf */,
			);
			path = Fonts;
			sourceTree = "<group>";
		};
/* End PBXGroup section */

/* Begin PBXNativeTarget section */
		260AAD5C21EFAD9000461C1E /* HabitTracker */ = {
			isa = PBXNativeTarget;
			buildConfigurationList = 260AAD6F21EFAD9200461C1E /* Build configuration list for PBXNativeTarget "HabitTracker" */;
			buildPhases = (
				24517229A52AC8F71CFB4EEC /* [CP] Check Pods Manifest.lock */,
				260AAD5921EFAD9000461C1E /* Sources */,
				260AAD5A21EFAD9000461C1E /* Frameworks */,
				260AAD5B21EFAD9000461C1E /* Resources */,
				EE6D6572F5F699DDFF9BA638 /* [CP] Embed Pods Frameworks */,
				F0004DE0B36EE52BFB53449B /* [CP] Copy Pods Resources */,
			);
			buildRules = (
			);
			dependencies = (
			);
			name = HabitTracker;
			productName = HabitTracker;
			productReference = 260AAD5D21EFAD9000461C1E /* HabitTracker.app */;
			productType = "com.apple.product-type.application";
		};
/* End PBXNativeTarget section */

/* Begin PBXProject section */
		260AAD5521EFAD9000461C1E /* Project object */ = {
			isa = PBXProject;
			attributes = {
				LastSwiftUpdateCheck = 1010;
				LastUpgradeCheck = 1010;
				ORGANIZATIONNAME = HabitGroup;
				TargetAttributes = {
					260AAD5C21EFAD9000461C1E = {
						CreatedOnToolsVersion = 10.1;
						SystemCapabilities = {
							com.apple.Maps.iOS = {
								enabled = 1;
							};
						};
					};
				};
			};
			buildConfigurationList = 260AAD5821EFAD9000461C1E /* Build configuration list for PBXProject "HabitTracker" */;
			compatibilityVersion = "Xcode 9.3";
			developmentRegion = en;
			hasScannedForEncodings = 0;
			knownRegions = (
				en,
				Base,
			);
			mainGroup = 260AAD5421EFAD9000461C1E;
			productRefGroup = 260AAD5E21EFAD9000461C1E /* Products */;
			projectDirPath = "";
			projectRoot = "";
			targets = (
				260AAD5C21EFAD9000461C1E /* HabitTracker */,
			);
		};
/* End PBXProject section */

/* Begin PBXResourcesBuildPhase section */
		260AAD5B21EFAD9000461C1E /* Resources */ = {
			isa = PBXResourcesBuildPhase;
			buildActionMask = 2147483647;
			files = (
				26084A3821F7B7BB0037A221 /* HabitDetail.storyboard in Resources */,
				260AAD6B21EFAD9200461C1E /* LaunchScreen.storyboard in Resources */,
				26084A3621F799440037A221 /* AddHabit.storyboard in Resources */,
				26F0D92C21EFBD3F00D4ADA1 /* GoogleService-Info.plist in Resources */,
				F7AA11AC21FA7E27000B16C6 /* SF-Pro-Text-Light.otf in Resources */,
				F7AA11AD21FA7E27000B16C6 /* SF-Pro-Text-Medium.otf in Resources */,
				F7AA11AE21FA7E27000B16C6 /* SF-Pro-Text-Regular.otf in Resources */,
				26084A3A21F7B9980037A221 /* Progress.storyboard in Resources */,
				260AAD6821EFAD9200461C1E /* Assets.xcassets in Resources */,
				F73C046B21FA680200CEF0BB /* Login.storyboard in Resources */,
				260AAD6621EFAD9000461C1E /* Main.storyboard in Resources */,

				266DCE1621FA799A00CDC0F9 /* SF-Pro-Text-Regular.otf in Resources */,
				26084A3C21F7BA190037A221 /* CheckInPopUp.storyboard in Resources */,
				266DCE1721FA799E00CDC0F9 /* SF-Pro-Text-Medium.otf in Resources */,
				266DCE1321FA775600CDC0F9 /* SF-Pro-Text-Light.otf in Resources */,
			);
			runOnlyForDeploymentPostprocessing = 0;
		};
/* End PBXResourcesBuildPhase section */

/* Begin PBXShellScriptBuildPhase section */
		24517229A52AC8F71CFB4EEC /* [CP] Check Pods Manifest.lock */ = {
			isa = PBXShellScriptBuildPhase;
			buildActionMask = 2147483647;
			files = (
			);
			inputFileListPaths = (
			);
			inputPaths = (
				"${PODS_PODFILE_DIR_PATH}/Podfile.lock",
				"${PODS_ROOT}/Manifest.lock",
			);
			name = "[CP] Check Pods Manifest.lock";
			outputFileListPaths = (
			);
			outputPaths = (
				"$(DERIVED_FILE_DIR)/Pods-HabitTracker-checkManifestLockResult.txt",
			);
			runOnlyForDeploymentPostprocessing = 0;
			shellPath = /bin/sh;
			shellScript = "diff \"${PODS_PODFILE_DIR_PATH}/Podfile.lock\" \"${PODS_ROOT}/Manifest.lock\" > /dev/null\nif [ $? != 0 ] ; then\n    # print error to STDERR\n    echo \"error: The sandbox is not in sync with the Podfile.lock. Run 'pod install' or update your CocoaPods installation.\" >&2\n    exit 1\nfi\n# This output is used by Xcode 'outputs' to avoid re-running this script phase.\necho \"SUCCESS\" > \"${SCRIPT_OUTPUT_FILE_0}\"\n";
			showEnvVarsInLog = 0;
		};
		EE6D6572F5F699DDFF9BA638 /* [CP] Embed Pods Frameworks */ = {
			isa = PBXShellScriptBuildPhase;
			buildActionMask = 2147483647;
			files = (
			);
			inputFileListPaths = (
			);
			inputPaths = (
				"${SRCROOT}/Pods/Target Support Files/Pods-HabitTracker/Pods-HabitTracker-frameworks.sh",
				"${BUILT_PRODUCTS_DIR}/BoringSSL/openssl.framework",
				"${BUILT_PRODUCTS_DIR}/Charts/Charts.framework",
				"${BUILT_PRODUCTS_DIR}/GTMSessionFetcher/GTMSessionFetcher.framework",
				"${BUILT_PRODUCTS_DIR}/GoogleUtilities/GoogleUtilities.framework",
				"${BUILT_PRODUCTS_DIR}/Protobuf/Protobuf.framework",
				"${BUILT_PRODUCTS_DIR}/gRPC-C++/grpcpp.framework",
				"${BUILT_PRODUCTS_DIR}/gRPC-Core/grpc.framework",
				"${BUILT_PRODUCTS_DIR}/leveldb-library/leveldb.framework",
				"${BUILT_PRODUCTS_DIR}/nanopb/nanopb.framework",
			);
			name = "[CP] Embed Pods Frameworks";
			outputFileListPaths = (
			);
			outputPaths = (
				"${TARGET_BUILD_DIR}/${FRAMEWORKS_FOLDER_PATH}/openssl.framework",
				"${TARGET_BUILD_DIR}/${FRAMEWORKS_FOLDER_PATH}/Charts.framework",
				"${TARGET_BUILD_DIR}/${FRAMEWORKS_FOLDER_PATH}/GTMSessionFetcher.framework",
				"${TARGET_BUILD_DIR}/${FRAMEWORKS_FOLDER_PATH}/GoogleUtilities.framework",
				"${TARGET_BUILD_DIR}/${FRAMEWORKS_FOLDER_PATH}/Protobuf.framework",
				"${TARGET_BUILD_DIR}/${FRAMEWORKS_FOLDER_PATH}/grpcpp.framework",
				"${TARGET_BUILD_DIR}/${FRAMEWORKS_FOLDER_PATH}/grpc.framework",
				"${TARGET_BUILD_DIR}/${FRAMEWORKS_FOLDER_PATH}/leveldb.framework",
				"${TARGET_BUILD_DIR}/${FRAMEWORKS_FOLDER_PATH}/nanopb.framework",
			);
			runOnlyForDeploymentPostprocessing = 0;
			shellPath = /bin/sh;
			shellScript = "\"${SRCROOT}/Pods/Target Support Files/Pods-HabitTracker/Pods-HabitTracker-frameworks.sh\"\n";
			showEnvVarsInLog = 0;
		};
		F0004DE0B36EE52BFB53449B /* [CP] Copy Pods Resources */ = {
			isa = PBXShellScriptBuildPhase;
			buildActionMask = 2147483647;
			files = (
			);
			inputFileListPaths = (
			);
			inputPaths = (
				"${SRCROOT}/Pods/Target Support Files/Pods-HabitTracker/Pods-HabitTracker-resources.sh",
				"${PODS_CONFIGURATION_BUILD_DIR}/FirebaseFirestore/gRPCCertificates-Firestore.bundle",
			);
			name = "[CP] Copy Pods Resources";
			outputFileListPaths = (
			);
			outputPaths = (
				"${TARGET_BUILD_DIR}/${UNLOCALIZED_RESOURCES_FOLDER_PATH}/gRPCCertificates-Firestore.bundle",
			);
			runOnlyForDeploymentPostprocessing = 0;
			shellPath = /bin/sh;
			shellScript = "\"${SRCROOT}/Pods/Target Support Files/Pods-HabitTracker/Pods-HabitTracker-resources.sh\"\n";
			showEnvVarsInLog = 0;
		};
/* End PBXShellScriptBuildPhase section */

/* Begin PBXSourcesBuildPhase section */
		260AAD5921EFAD9000461C1E /* Sources */ = {
			isa = PBXSourcesBuildPhase;
			buildActionMask = 2147483647;
			files = (
				CB0F6DC721FAD58B0031740A /* WelcomeViewController.swift in Sources */,
				F7791C5A21F52E3000337D10 /* HabitProgressDetailViewController.swift in Sources */,
				F7AA119721F7DA22000B16C6 /* CheckInCustomTableViewCell.swift in Sources */,
				26F0D95121F14D7900D4ADA1 /* LocationReminder.swift in Sources */,
				F7AA119521F63627000B16C6 /* ProgressTableViewCell.swift in Sources */,
				26F0D94F21F14D5E00D4ADA1 /* TimeReminder.swift in Sources */,
				F7AA118F21F6311A000B16C6 /* EditHabitViewController.swift in Sources */,
				260AAD6121EFAD9000461C1E /* AppDelegate.swift in Sources */,
				F7AA11A621FA3702000B16C6 /* CategoryController.swift in Sources */,
				F7AA119921F8DCCA000B16C6 /* CheckIn.swift in Sources */,
				26F0D94321F12D7400D4ADA1 /* HabitDetailViewController.swift in Sources */,
				CBB9A23D21F7CA9B00995F73 /* NewHabitViewController.swift in Sources */,
				F7791C5621F52DDB00337D10 /* HabitCheckInViewController.swift in Sources */,
				F73213D421F25584009A47F0 /* LocationBasedReminderViewController.swift in Sources */,
				F73213CE21F2546C009A47F0 /* ReminderViewController.swift in Sources */,
				CBD7EC7A21F830FA0074A6D2 /* SetReminderTableViewController.swift in Sources */,
				26F0D94921F1432E00D4ADA1 /* User.swift in Sources */,
				26F0D94B21F143A500D4ADA1 /* Habit.swift in Sources */,
				F7AA119321F6352B000B16C6 /* MainCheckInTableViewCell.swift in Sources */,
				CBD7EC7C21F863670074A6D2 /* ReminderTableViewCell.swift in Sources */,
				26F0D94D21F145BF00D4ADA1 /* HabitController.swift in Sources */,
				266DCE0521F8E98A00CDC0F9 /* LogInViewController.swift in Sources */,
				26F0D95321F2365700D4ADA1 /* Firebase.swift in Sources */,
				26084A4221F7D5F40037A221 /* UserController.swift in Sources */,
				26F0D93821F0FE2D00D4ADA1 /* AddHabitViewController.swift in Sources */,
				26F0D93D21F1042D00D4ADA1 /* HabitTableViewCell.swift in Sources */,
			);
			runOnlyForDeploymentPostprocessing = 0;
		};
/* End PBXSourcesBuildPhase section */

/* Begin PBXVariantGroup section */
		260AAD6421EFAD9000461C1E /* Main.storyboard */ = {
			isa = PBXVariantGroup;
			children = (
				260AAD6521EFAD9000461C1E /* Base */,
			);
			name = Main.storyboard;
			sourceTree = "<group>";
		};
		260AAD6921EFAD9200461C1E /* LaunchScreen.storyboard */ = {
			isa = PBXVariantGroup;
			children = (
				260AAD6A21EFAD9200461C1E /* Base */,
			);
			name = LaunchScreen.storyboard;
			sourceTree = "<group>";
		};
/* End PBXVariantGroup section */

/* Begin XCBuildConfiguration section */
		260AAD6D21EFAD9200461C1E /* Debug */ = {
			isa = XCBuildConfiguration;
			buildSettings = {
				ALWAYS_SEARCH_USER_PATHS = NO;
				CLANG_ANALYZER_NONNULL = YES;
				CLANG_ANALYZER_NUMBER_OBJECT_CONVERSION = YES_AGGRESSIVE;
				CLANG_CXX_LANGUAGE_STANDARD = "gnu++14";
				CLANG_CXX_LIBRARY = "libc++";
				CLANG_ENABLE_MODULES = YES;
				CLANG_ENABLE_OBJC_ARC = YES;
				CLANG_ENABLE_OBJC_WEAK = YES;
				CLANG_WARN_BLOCK_CAPTURE_AUTORELEASING = YES;
				CLANG_WARN_BOOL_CONVERSION = YES;
				CLANG_WARN_COMMA = YES;
				CLANG_WARN_CONSTANT_CONVERSION = YES;
				CLANG_WARN_DEPRECATED_OBJC_IMPLEMENTATIONS = YES;
				CLANG_WARN_DIRECT_OBJC_ISA_USAGE = YES_ERROR;
				CLANG_WARN_DOCUMENTATION_COMMENTS = YES;
				CLANG_WARN_EMPTY_BODY = YES;
				CLANG_WARN_ENUM_CONVERSION = YES;
				CLANG_WARN_INFINITE_RECURSION = YES;
				CLANG_WARN_INT_CONVERSION = YES;
				CLANG_WARN_NON_LITERAL_NULL_CONVERSION = YES;
				CLANG_WARN_OBJC_IMPLICIT_RETAIN_SELF = YES;
				CLANG_WARN_OBJC_LITERAL_CONVERSION = YES;
				CLANG_WARN_OBJC_ROOT_CLASS = YES_ERROR;
				CLANG_WARN_RANGE_LOOP_ANALYSIS = YES;
				CLANG_WARN_STRICT_PROTOTYPES = YES;
				CLANG_WARN_SUSPICIOUS_MOVE = YES;
				CLANG_WARN_UNGUARDED_AVAILABILITY = YES_AGGRESSIVE;
				CLANG_WARN_UNREACHABLE_CODE = YES;
				CLANG_WARN__DUPLICATE_METHOD_MATCH = YES;
				CODE_SIGN_IDENTITY = "iPhone Developer";
				COPY_PHASE_STRIP = NO;
				DEBUG_INFORMATION_FORMAT = dwarf;
				ENABLE_STRICT_OBJC_MSGSEND = YES;
				ENABLE_TESTABILITY = YES;
				GCC_C_LANGUAGE_STANDARD = gnu11;
				GCC_DYNAMIC_NO_PIC = NO;
				GCC_NO_COMMON_BLOCKS = YES;
				GCC_OPTIMIZATION_LEVEL = 0;
				GCC_PREPROCESSOR_DEFINITIONS = (
					"DEBUG=1",
					"$(inherited)",
				);
				GCC_WARN_64_TO_32_BIT_CONVERSION = YES;
				GCC_WARN_ABOUT_RETURN_TYPE = YES_ERROR;
				GCC_WARN_UNDECLARED_SELECTOR = YES;
				GCC_WARN_UNINITIALIZED_AUTOS = YES_AGGRESSIVE;
				GCC_WARN_UNUSED_FUNCTION = YES;
				GCC_WARN_UNUSED_VARIABLE = YES;
				IPHONEOS_DEPLOYMENT_TARGET = 12.1;
				MTL_ENABLE_DEBUG_INFO = INCLUDE_SOURCE;
				MTL_FAST_MATH = YES;
				ONLY_ACTIVE_ARCH = YES;
				SDKROOT = iphoneos;
				SWIFT_ACTIVE_COMPILATION_CONDITIONS = DEBUG;
				SWIFT_OPTIMIZATION_LEVEL = "-Onone";
			};
			name = Debug;
		};
		260AAD6E21EFAD9200461C1E /* Release */ = {
			isa = XCBuildConfiguration;
			buildSettings = {
				ALWAYS_SEARCH_USER_PATHS = NO;
				CLANG_ANALYZER_NONNULL = YES;
				CLANG_ANALYZER_NUMBER_OBJECT_CONVERSION = YES_AGGRESSIVE;
				CLANG_CXX_LANGUAGE_STANDARD = "gnu++14";
				CLANG_CXX_LIBRARY = "libc++";
				CLANG_ENABLE_MODULES = YES;
				CLANG_ENABLE_OBJC_ARC = YES;
				CLANG_ENABLE_OBJC_WEAK = YES;
				CLANG_WARN_BLOCK_CAPTURE_AUTORELEASING = YES;
				CLANG_WARN_BOOL_CONVERSION = YES;
				CLANG_WARN_COMMA = YES;
				CLANG_WARN_CONSTANT_CONVERSION = YES;
				CLANG_WARN_DEPRECATED_OBJC_IMPLEMENTATIONS = YES;
				CLANG_WARN_DIRECT_OBJC_ISA_USAGE = YES_ERROR;
				CLANG_WARN_DOCUMENTATION_COMMENTS = YES;
				CLANG_WARN_EMPTY_BODY = YES;
				CLANG_WARN_ENUM_CONVERSION = YES;
				CLANG_WARN_INFINITE_RECURSION = YES;
				CLANG_WARN_INT_CONVERSION = YES;
				CLANG_WARN_NON_LITERAL_NULL_CONVERSION = YES;
				CLANG_WARN_OBJC_IMPLICIT_RETAIN_SELF = YES;
				CLANG_WARN_OBJC_LITERAL_CONVERSION = YES;
				CLANG_WARN_OBJC_ROOT_CLASS = YES_ERROR;
				CLANG_WARN_RANGE_LOOP_ANALYSIS = YES;
				CLANG_WARN_STRICT_PROTOTYPES = YES;
				CLANG_WARN_SUSPICIOUS_MOVE = YES;
				CLANG_WARN_UNGUARDED_AVAILABILITY = YES_AGGRESSIVE;
				CLANG_WARN_UNREACHABLE_CODE = YES;
				CLANG_WARN__DUPLICATE_METHOD_MATCH = YES;
				CODE_SIGN_IDENTITY = "iPhone Developer";
				COPY_PHASE_STRIP = NO;
				DEBUG_INFORMATION_FORMAT = "dwarf-with-dsym";
				ENABLE_NS_ASSERTIONS = NO;
				ENABLE_STRICT_OBJC_MSGSEND = YES;
				GCC_C_LANGUAGE_STANDARD = gnu11;
				GCC_NO_COMMON_BLOCKS = YES;
				GCC_WARN_64_TO_32_BIT_CONVERSION = YES;
				GCC_WARN_ABOUT_RETURN_TYPE = YES_ERROR;
				GCC_WARN_UNDECLARED_SELECTOR = YES;
				GCC_WARN_UNINITIALIZED_AUTOS = YES_AGGRESSIVE;
				GCC_WARN_UNUSED_FUNCTION = YES;
				GCC_WARN_UNUSED_VARIABLE = YES;
				IPHONEOS_DEPLOYMENT_TARGET = 12.1;
				MTL_ENABLE_DEBUG_INFO = NO;
				MTL_FAST_MATH = YES;
				SDKROOT = iphoneos;
				SWIFT_COMPILATION_MODE = wholemodule;
				SWIFT_OPTIMIZATION_LEVEL = "-O";
				VALIDATE_PRODUCT = YES;
			};
			name = Release;
		};
		260AAD7021EFAD9200461C1E /* Debug */ = {
			isa = XCBuildConfiguration;
			baseConfigurationReference = 7E430CF4D2DF39A2F832288E /* Pods-HabitTracker.debug.xcconfig */;
			buildSettings = {
				ASSETCATALOG_COMPILER_APPICON_NAME = AppIcon;
				CODE_SIGN_STYLE = Automatic;
				DEVELOPMENT_TEAM = "";
				INFOPLIST_FILE = "$(SRCROOT)/HabitTracker/Resources/Info.plist";
				LD_RUNPATH_SEARCH_PATHS = (
					"$(inherited)",
					"@executable_path/Frameworks",
				);
				PRODUCT_BUNDLE_IDENTIFIER = com.habitgroup.HabitTracker;
				PRODUCT_NAME = "$(TARGET_NAME)";
				SWIFT_VERSION = 4.2;
				TARGETED_DEVICE_FAMILY = "1,2";
			};
			name = Debug;
		};
		260AAD7121EFAD9200461C1E /* Release */ = {
			isa = XCBuildConfiguration;
			baseConfigurationReference = 64796CE9C6B23F336BA88293 /* Pods-HabitTracker.release.xcconfig */;
			buildSettings = {
				ASSETCATALOG_COMPILER_APPICON_NAME = AppIcon;
				CODE_SIGN_STYLE = Automatic;
				DEVELOPMENT_TEAM = "";
				INFOPLIST_FILE = "$(SRCROOT)/HabitTracker/Resources/Info.plist";
				LD_RUNPATH_SEARCH_PATHS = (
					"$(inherited)",
					"@executable_path/Frameworks",
				);
				PRODUCT_BUNDLE_IDENTIFIER = com.habitgroup.HabitTracker;
				PRODUCT_NAME = "$(TARGET_NAME)";
				SWIFT_VERSION = 4.2;
				TARGETED_DEVICE_FAMILY = "1,2";
			};
			name = Release;
		};
/* End XCBuildConfiguration section */

/* Begin XCConfigurationList section */
		260AAD5821EFAD9000461C1E /* Build configuration list for PBXProject "HabitTracker" */ = {
			isa = XCConfigurationList;
			buildConfigurations = (
				260AAD6D21EFAD9200461C1E /* Debug */,
				260AAD6E21EFAD9200461C1E /* Release */,
			);
			defaultConfigurationIsVisible = 0;
			defaultConfigurationName = Release;
		};
		260AAD6F21EFAD9200461C1E /* Build configuration list for PBXNativeTarget "HabitTracker" */ = {
			isa = XCConfigurationList;
			buildConfigurations = (
				260AAD7021EFAD9200461C1E /* Debug */,
				260AAD7121EFAD9200461C1E /* Release */,
			);
			defaultConfigurationIsVisible = 0;
			defaultConfigurationName = Release;
		};
/* End XCConfigurationList section */
	};
	rootObject = 260AAD5521EFAD9000461C1E /* Project object */;
}
